{
  "requires": true,
  "lockfileVersion": 1,
  "dependencies": {
    "echarts": {
      "version": "4.9.0",
      "resolved": "https://registry.npmjs.org/echarts/-/echarts-4.9.0.tgz",
      "integrity": "sha512-+ugizgtJ+KmsJyyDPxaw2Br5FqzuBnyOWwcxPKO6y0gc5caYcfnEUIlNStx02necw8jmKmTafmpHhGo4XDtEIA==",
      "requires": {
        "zrender": "4.3.2"
      }
    },
    "zrender": {
      "version": "4.3.2",
      "resolved": "https://registry.npmjs.org/zrender/-/zrender-4.3.2.tgz",
      "integrity": "sha512-bIusJLS8c4DkIcdiK+s13HiQ/zjQQVgpNohtd8d94Y2DnJqgM1yjh/jpDb8DoL6hd7r8Awagw8e3qK/oLaWr3g=="
    }
  }
}
